{
  "object": {
    "pins": [
      {
        "package": "ADChronicle",
        "repositoryURL": "https://github.com/AllDmeat/ADChronicle",
        "state": {
          "branch": "develop",
          "revision": "c6e0f65ece2e1cca34c21adb5b15d46afec484be",
          "version": null
        }
      },
      {
        "package": "ADChronicle-OSLogHelpers",
        "repositoryURL": "https://github.com/AllDmeat/ADChronicle_OSLogHelpers",
        "state": {
          "branch": "develop",
          "revision": "0ff773de15c96ffa2ddef1667d301d34960f1027",
          "version": null
        }
      }
    ]
  },
  "version": 1
}
