{
  "object": {
    "pins": [
      {
        "package": "ADChronicle",
        "repositoryURL": "https://github.com/AllDmeat/ADChronicle",
        "state": {
          "branch": "develop",
          "revision": "d306a6f5bfae84f06d380bd2eaa97a3fa8da92c5",
          "version": null
        }
      },
      {
        "package": "ADChronicle-OSLogHelpers",
        "repositoryURL": "https://github.com/AllDmeat/ADChronicle_OSLogHelpers",
        "state": {
          "branch": "develop",
          "revision": "9870ee281306838796deb21c4f33099d6f93f5a5",
          "version": null
        }
      }
    ]
  },
  "version": 1
}
